
Microsoft Visual Studio Solution File, Format Version 12.00
# Visual Studio Version 16
VisualStudioVersion = 16.0.32126.315
MinimumVisualStudioVersion = 10.0.40219.1
Project("{FAE04EC0-301F-11D3-BF4B-00C04F79EFBC}") = "Assinment", "Assinment\Assinment.csproj", "{826055B7-9E41-44EC-ACC0-BC799620C221}"
EndProject
Global
	GlobalSection(SolutionConfigurationPlatforms) = preSolution
		Debug|Any CPU = Debug|Any CPU
		Release|Any CPU = Release|Any CPU
	EndGlobalSection
	GlobalSection(ProjectConfigurationPlatforms) = postSolution
		{826055B7-9E41-44EC-ACC0-BC799620C221}.Debug|Any CPU.ActiveCfg = Debug|Any CPU
		{826055B7-9E41-44EC-ACC0-BC799620C221}.Debug|Any CPU.Build.0 = Debug|Any CPU
		{826055B7-9E41-44EC-ACC0-BC799620C221}.Release|Any CPU.ActiveCfg = Release|Any CPU
		{826055B7-9E41-44EC-ACC0-BC799620C221}.Release|Any CPU.Build.0 = Release|Any CPU
	EndGlobalSection
	GlobalSection(SolutionProperties) = preSolution
		HideSolutionNode = FALSE
	EndGlobalSection
	GlobalSection(ExtensibilityGlobals) = postSolution
		SolutionGuid = {EEC97927-23F2-4F10-AFF9-EFA23BFF915D}
	EndGlobalSection
EndGlobal
