
Microsoft Visual Studio Solution File, Format Version 12.00
# Visual Studio Version 16
VisualStudioVersion = 16.0.32126.315
MinimumVisualStudioVersion = 10.0.40219.1
Project("{FAE04EC0-301F-11D3-BF4B-00C04F79EFBC}") = "Assinment2", "Assinment2\Assinment2.csproj", "{BD3A578C-1AC0-4FF4-8386-75468F46050A}"
EndProject
Project("{FAE04EC0-301F-11D3-BF4B-00C04F79EFBC}") = "LitwareLib", "EmployeeManagement\LitwareLib.csproj", "{BB43770F-2A2C-44C2-878E-8BC6FFC9B03C}"
EndProject
Global
	GlobalSection(SolutionConfigurationPlatforms) = preSolution
		Debug|Any CPU = Debug|Any CPU
		Release|Any CPU = Release|Any CPU
	EndGlobalSection
	GlobalSection(ProjectConfigurationPlatforms) = postSolution
		{BD3A578C-1AC0-4FF4-8386-75468F46050A}.Debug|Any CPU.ActiveCfg = Debug|Any CPU
		{BD3A578C-1AC0-4FF4-8386-75468F46050A}.Debug|Any CPU.Build.0 = Debug|Any CPU
		{BD3A578C-1AC0-4FF4-8386-75468F46050A}.Release|Any CPU.ActiveCfg = Release|Any CPU
		{BD3A578C-1AC0-4FF4-8386-75468F46050A}.Release|Any CPU.Build.0 = Release|Any CPU
		{BB43770F-2A2C-44C2-878E-8BC6FFC9B03C}.Debug|Any CPU.ActiveCfg = Debug|Any CPU
		{BB43770F-2A2C-44C2-878E-8BC6FFC9B03C}.Debug|Any CPU.Build.0 = Debug|Any CPU
		{BB43770F-2A2C-44C2-878E-8BC6FFC9B03C}.Release|Any CPU.ActiveCfg = Release|Any CPU
		{BB43770F-2A2C-44C2-878E-8BC6FFC9B03C}.Release|Any CPU.Build.0 = Release|Any CPU
	EndGlobalSection
	GlobalSection(SolutionProperties) = preSolution
		HideSolutionNode = FALSE
	EndGlobalSection
	GlobalSection(ExtensibilityGlobals) = postSolution
		SolutionGuid = {D83F5502-D267-4E2F-90D2-EE630C12EBF7}
	EndGlobalSection
EndGlobal
