
Microsoft Visual Studio Solution File, Format Version 12.00
# Visual Studio Version 16
VisualStudioVersion = 16.0.32126.315
MinimumVisualStudioVersion = 10.0.40219.1
Project("{FAE04EC0-301F-11D3-BF4B-00C04F79EFBC}") = "SayanBank.Presentation", "SayanBank.Presentation\SayanBank.Presentation.csproj", "{C09A3281-6ECB-444B-864B-77D2B52ECAFA}"
EndProject
Global
	GlobalSection(SolutionConfigurationPlatforms) = preSolution
		Debug|Any CPU = Debug|Any CPU
		Release|Any CPU = Release|Any CPU
	EndGlobalSection
	GlobalSection(ProjectConfigurationPlatforms) = postSolution
		{C09A3281-6ECB-444B-864B-77D2B52ECAFA}.Debug|Any CPU.ActiveCfg = Debug|Any CPU
		{C09A3281-6ECB-444B-864B-77D2B52ECAFA}.Debug|Any CPU.Build.0 = Debug|Any CPU
		{C09A3281-6ECB-444B-864B-77D2B52ECAFA}.Release|Any CPU.ActiveCfg = Release|Any CPU
		{C09A3281-6ECB-444B-864B-77D2B52ECAFA}.Release|Any CPU.Build.0 = Release|Any CPU
	EndGlobalSection
	GlobalSection(SolutionProperties) = preSolution
		HideSolutionNode = FALSE
	EndGlobalSection
	GlobalSection(ExtensibilityGlobals) = postSolution
		SolutionGuid = {B6D81E2A-D647-42C1-9D73-7602E3AD3CB7}
	EndGlobalSection
EndGlobal
