
Microsoft Visual Studio Solution File, Format Version 12.00
# Visual Studio Version 16
VisualStudioVersion = 16.0.32126.315
MinimumVisualStudioVersion = 10.0.40219.1
Project("{FAE04EC0-301F-11D3-BF4B-00C04F79EFBC}") = "ConsoleApp3", "ConsoleApp3\ConsoleApp3.csproj", "{001FE355-5B63-4ECF-9B9D-A37314D2C075}"
EndProject
Project("{FAE04EC0-301F-11D3-BF4B-00C04F79EFBC}") = "ClassConsoleLib", "ClassConsoleLib\ClassConsoleLib.csproj", "{0CB49687-1C1E-48E9-9F8C-E173651C370A}"
EndProject
Global
	GlobalSection(SolutionConfigurationPlatforms) = preSolution
		Debug|Any CPU = Debug|Any CPU
		Release|Any CPU = Release|Any CPU
	EndGlobalSection
	GlobalSection(ProjectConfigurationPlatforms) = postSolution
		{001FE355-5B63-4ECF-9B9D-A37314D2C075}.Debug|Any CPU.ActiveCfg = Debug|Any CPU
		{001FE355-5B63-4ECF-9B9D-A37314D2C075}.Debug|Any CPU.Build.0 = Debug|Any CPU
		{001FE355-5B63-4ECF-9B9D-A37314D2C075}.Release|Any CPU.ActiveCfg = Release|Any CPU
		{001FE355-5B63-4ECF-9B9D-A37314D2C075}.Release|Any CPU.Build.0 = Release|Any CPU
		{0CB49687-1C1E-48E9-9F8C-E173651C370A}.Debug|Any CPU.ActiveCfg = Debug|Any CPU
		{0CB49687-1C1E-48E9-9F8C-E173651C370A}.Debug|Any CPU.Build.0 = Debug|Any CPU
		{0CB49687-1C1E-48E9-9F8C-E173651C370A}.Release|Any CPU.ActiveCfg = Release|Any CPU
		{0CB49687-1C1E-48E9-9F8C-E173651C370A}.Release|Any CPU.Build.0 = Release|Any CPU
	EndGlobalSection
	GlobalSection(SolutionProperties) = preSolution
		HideSolutionNode = FALSE
	EndGlobalSection
	GlobalSection(ExtensibilityGlobals) = postSolution
		SolutionGuid = {B817F7CE-2513-4557-A31F-361A29EE27A4}
	EndGlobalSection
EndGlobal
